<?xml version="1.0" encoding="utf-8"?>
<Project ToolsVersion="4.0" xmlns="http://schemas.microsoft.com/developer/msbuild/2003">
  <ItemGroup>
    <Filter Include="C78e">
      <UniqueIdentifier>{7CBE827C-68F5-830D-11E2-6910FDF7FF0E}</UniqueIdentifier>
    </Filter>
    <Filter Include="C78e\Core">
      <UniqueIdentifier>{5450A2F6-C0BA-566D-09F9-071375A234C2}</UniqueIdentifier>
    </Filter>
    <Filter Include="C78e\Events">
      <UniqueIdentifier>{E0C6992D-4C7C-1223-D570-0CFA41250927}</UniqueIdentifier>
    </Filter>
    <Filter Include="C78e\ImGui">
      <UniqueIdentifier>{A62057CB-92D8-9818-FBDF-7174E7B63309}</UniqueIdentifier>
    </Filter>
    <Filter Include="Platform">
      <UniqueIdentifier>{2AC788B4-1694-E3BF-3FAD-D1672BD9184E}</UniqueIdentifier>
    </Filter>
    <Filter Include="Platform\Windows">
      <UniqueIdentifier>{64FBD71A-50F4-F66C-7926-DCF1657ED678}</UniqueIdentifier>
    </Filter>
  </ItemGroup>
  <ItemGroup>
    <ClInclude Include="src\C78e.h" />
    <ClInclude Include="src\C78e\Core\Application.h">
      <Filter>C78e\Core</Filter>
    </ClInclude>
    <ClInclude Include="src\C78e\Core\Core.h">
      <Filter>C78e\Core</Filter>
    </ClInclude>
    <ClInclude Include="src\C78e\Core\EntryPoint.h">
      <Filter>C78e\Core</Filter>
    </ClInclude>
    <ClInclude Include="src\C78e\Core\Input.h">
      <Filter>C78e\Core</Filter>
    </ClInclude>
    <ClInclude Include="src\C78e\Core\KeyCodes.h">
      <Filter>C78e\Core</Filter>
    </ClInclude>
    <ClInclude Include="src\C78e\Core\Layer.h">
      <Filter>C78e\Core</Filter>
    </ClInclude>
    <ClInclude Include="src\C78e\Core\LayerStack.h">
      <Filter>C78e\Core</Filter>
    </ClInclude>
    <ClInclude Include="src\C78e\Core\Log.h">
      <Filter>C78e\Core</Filter>
    </ClInclude>
    <ClInclude Include="src\C78e\Core\MouseCodes.h">
      <Filter>C78e\Core</Filter>
    </ClInclude>
    <ClInclude Include="src\C78e\Core\Window.h">
      <Filter>C78e\Core</Filter>
    </ClInclude>
    <ClInclude Include="src\C78e\Core\engine.h">
      <Filter>C78e\Core</Filter>
    </ClInclude>
    <ClInclude Include="src\C78e\Events\ApplicationEvent.h">
      <Filter>C78e\Events</Filter>
    </ClInclude>
    <ClInclude Include="src\C78e\Events\Event.h">
      <Filter>C78e\Events</Filter>
    </ClInclude>
    <ClInclude Include="src\C78e\Events\KeyEvent.h">
      <Filter>C78e\Events</Filter>
    </ClInclude>
    <ClInclude Include="src\C78e\Events\MouseEvent.h">
      <Filter>C78e\Events</Filter>
    </ClInclude>
    <ClInclude Include="src\C78e\ImGui\ImGuiLayer.h">
      <Filter>C78e\ImGui</Filter>
    </ClInclude>
    <ClInclude Include="src\C78ePCH.h" />
    <ClInclude Include="src\Platform\Windows\WindowsWindow.h">
      <Filter>Platform\Windows</Filter>
    </ClInclude>
  </ItemGroup>
  <ItemGroup>
    <ClCompile Include="src\C78e\Core\Application.cpp">
      <Filter>C78e\Core</Filter>
    </ClCompile>
    <ClCompile Include="src\C78e\Core\Layer.cpp">
      <Filter>C78e\Core</Filter>
    </ClCompile>
    <ClCompile Include="src\C78e\Core\LayerStack.cpp">
      <Filter>C78e\Core</Filter>
    </ClCompile>
    <ClCompile Include="src\C78e\Core\Log.cpp">
      <Filter>C78e\Core</Filter>
    </ClCompile>
    <ClCompile Include="src\C78e\Core\Window.cpp">
      <Filter>C78e\Core</Filter>
    </ClCompile>
    <ClCompile Include="src\C78e\ImGui\ImGuiBuild.cpp">
      <Filter>C78e\ImGui</Filter>
    </ClCompile>
    <ClCompile Include="src\C78e\ImGui\ImGuiLayer.cpp">
      <Filter>C78e\ImGui</Filter>
    </ClCompile>
    <ClCompile Include="src\C78ePCH.cpp" />
    <ClCompile Include="src\Platform\Windows\WindowsInput.cpp">
      <Filter>Platform\Windows</Filter>
    </ClCompile>
    <ClCompile Include="src\Platform\Windows\WindowsWindow.cpp">
      <Filter>Platform\Windows</Filter>
    </ClCompile>
  </ItemGroup>
</Project>