<?xml version="1.0" encoding="utf-8"?>
<Project ToolsVersion="4.0" xmlns="http://schemas.microsoft.com/developer/msbuild/2003">
  <ItemGroup>
    <Filter Include="ImGui">
      <UniqueIdentifier>{C0FF640D-2C14-8DBE-F595-301E616989EF}</UniqueIdentifier>
    </Filter>
  </ItemGroup>
  <ItemGroup>
    <ClInclude Include="src\C78App.h" />
    <ClInclude Include="src\ImGui\EnttInspector.h">
      <Filter>ImGui</Filter>
    </ClInclude>
    <ClInclude Include="src\TestLayer.h" />
    <ClInclude Include="src\ImGui\AssetBrowser.h" />
  </ItemGroup>
  <ItemGroup>
    <ClCompile Include="src\C78App.cpp" />
    <ClCompile Include="src\ImGui\EnttInspector.cpp">
      <Filter>ImGui</Filter>
    </ClCompile>
    <ClCompile Include="src\ImGui\AssetBrowser.cpp" />
  </ItemGroup>
</Project>